
Microsoft Visual Studio Solution File, Format Version 12.00
# Visual Studio 14
VisualStudioVersion = 14.0.25420.1
MinimumVisualStudioVersion = 10.0.40219.1
Project("{FAE04EC0-301F-11D3-BF4B-00C04F79EFBC}") = "Curator", "Curator\Curator\Curator.csproj", "{8662FEF9-5C16-44FB-88E8-992DC2BEE0B2}"
EndProject
Project("{FAE04EC0-301F-11D3-BF4B-00C04F79EFBC}") = "Curator.Droid", "Curator\Curator.Droid\Curator.Droid.csproj", "{6D77707B-0524-4CE8-AABA-7E7306CE9A1D}"
EndProject
Project("{FAE04EC0-301F-11D3-BF4B-00C04F79EFBC}") = "Curator.iOS", "Curator\Curator.iOS\Curator.iOS.csproj", "{05924C78-B7D1-4374-A842-BC0C8AD9051F}"
EndProject
Global
	GlobalSection(SolutionConfigurationPlatforms) = preSolution
		Ad-Hoc|Any CPU = Ad-Hoc|Any CPU
		Ad-Hoc|ARM = Ad-Hoc|ARM
		Ad-Hoc|iPhone = Ad-Hoc|iPhone
		Ad-Hoc|iPhoneSimulator = Ad-Hoc|iPhoneSimulator
		Ad-Hoc|x64 = Ad-Hoc|x64
		Ad-Hoc|x86 = Ad-Hoc|x86
		AppStore|Any CPU = AppStore|Any CPU
		AppStore|ARM = AppStore|ARM
		AppStore|iPhone = AppStore|iPhone
		AppStore|iPhoneSimulator = AppStore|iPhoneSimulator
		AppStore|x64 = AppStore|x64
		AppStore|x86 = AppStore|x86
		Debug|Any CPU = Debug|Any CPU
		Debug|ARM = Debug|ARM
		Debug|iPhone = Debug|iPhone
		Debug|iPhoneSimulator = Debug|iPhoneSimulator
		Debug|x64 = Debug|x64
		Debug|x86 = Debug|x86
		Release|Any CPU = Release|Any CPU
		Release|ARM = Release|ARM
		Release|iPhone = Release|iPhone
		Release|iPhoneSimulator = Release|iPhoneSimulator
		Release|x64 = Release|x64
		Release|x86 = Release|x86
	EndGlobalSection
	GlobalSection(ProjectConfigurationPlatforms) = postSolution
		{8662FEF9-5C16-44FB-88E8-992DC2BEE0B2}.Ad-Hoc|Any CPU.ActiveCfg = Release|Any CPU
		{8662FEF9-5C16-44FB-88E8-992DC2BEE0B2}.Ad-Hoc|Any CPU.Build.0 = Release|Any CPU
		{8662FEF9-5C16-44FB-88E8-992DC2BEE0B2}.Ad-Hoc|ARM.ActiveCfg = Release|Any CPU
		{8662FEF9-5C16-44FB-88E8-992DC2BEE0B2}.Ad-Hoc|ARM.Build.0 = Release|Any CPU
		{8662FEF9-5C16-44FB-88E8-992DC2BEE0B2}.Ad-Hoc|iPhone.ActiveCfg = Release|Any CPU
		{8662FEF9-5C16-44FB-88E8-992DC2BEE0B2}.Ad-Hoc|iPhone.Build.0 = Release|Any CPU
		{8662FEF9-5C16-44FB-88E8-992DC2BEE0B2}.Ad-Hoc|iPhoneSimulator.ActiveCfg = Release|Any CPU
		{8662FEF9-5C16-44FB-88E8-992DC2BEE0B2}.Ad-Hoc|iPhoneSimulator.Build.0 = Release|Any CPU
		{8662FEF9-5C16-44FB-88E8-992DC2BEE0B2}.Ad-Hoc|x64.ActiveCfg = Release|Any CPU
		{8662FEF9-5C16-44FB-88E8-992DC2BEE0B2}.Ad-Hoc|x64.Build.0 = Release|Any CPU
		{8662FEF9-5C16-44FB-88E8-992DC2BEE0B2}.Ad-Hoc|x86.ActiveCfg = Release|Any CPU
		{8662FEF9-5C16-44FB-88E8-992DC2BEE0B2}.Ad-Hoc|x86.Build.0 = Release|Any CPU
		{8662FEF9-5C16-44FB-88E8-992DC2BEE0B2}.AppStore|Any CPU.ActiveCfg = Release|Any CPU
		{8662FEF9-5C16-44FB-88E8-992DC2BEE0B2}.AppStore|Any CPU.Build.0 = Release|Any CPU
		{8662FEF9-5C16-44FB-88E8-992DC2BEE0B2}.AppStore|ARM.ActiveCfg = Release|Any CPU
		{8662FEF9-5C16-44FB-88E8-992DC2BEE0B2}.AppStore|ARM.Build.0 = Release|Any CPU
		{8662FEF9-5C16-44FB-88E8-992DC2BEE0B2}.AppStore|iPhone.ActiveCfg = Release|Any CPU
		{8662FEF9-5C16-44FB-88E8-992DC2BEE0B2}.AppStore|iPhone.Build.0 = Release|Any CPU
		{8662FEF9-5C16-44FB-88E8-992DC2BEE0B2}.AppStore|iPhoneSimulator.ActiveCfg = Release|Any CPU
		{8662FEF9-5C16-44FB-88E8-992DC2BEE0B2}.AppStore|iPhoneSimulator.Build.0 = Release|Any CPU
		{8662FEF9-5C16-44FB-88E8-992DC2BEE0B2}.AppStore|x64.ActiveCfg = Release|Any CPU
		{8662FEF9-5C16-44FB-88E8-992DC2BEE0B2}.AppStore|x64.Build.0 = Release|Any CPU
		{8662FEF9-5C16-44FB-88E8-992DC2BEE0B2}.AppStore|x86.ActiveCfg = Release|Any CPU
		{8662FEF9-5C16-44FB-88E8-992DC2BEE0B2}.AppStore|x86.Build.0 = Release|Any CPU
		{8662FEF9-5C16-44FB-88E8-992DC2BEE0B2}.Debug|Any CPU.ActiveCfg = Debug|Any CPU
		{8662FEF9-5C16-44FB-88E8-992DC2BEE0B2}.Debug|Any CPU.Build.0 = Debug|Any CPU
		{8662FEF9-5C16-44FB-88E8-992DC2BEE0B2}.Debug|ARM.ActiveCfg = Debug|Any CPU
		{8662FEF9-5C16-44FB-88E8-992DC2BEE0B2}.Debug|ARM.Build.0 = Debug|Any CPU
		{8662FEF9-5C16-44FB-88E8-992DC2BEE0B2}.Debug|iPhone.ActiveCfg = Debug|Any CPU
		{8662FEF9-5C16-44FB-88E8-992DC2BEE0B2}.Debug|iPhone.Build.0 = Debug|Any CPU
		{8662FEF9-5C16-44FB-88E8-992DC2BEE0B2}.Debug|iPhoneSimulator.ActiveCfg = Debug|Any CPU
		{8662FEF9-5C16-44FB-88E8-992DC2BEE0B2}.Debug|iPhoneSimulator.Build.0 = Debug|Any CPU
		{8662FEF9-5C16-44FB-88E8-992DC2BEE0B2}.Debug|x64.ActiveCfg = Debug|Any CPU
		{8662FEF9-5C16-44FB-88E8-992DC2BEE0B2}.Debug|x64.Build.0 = Debug|Any CPU
		{8662FEF9-5C16-44FB-88E8-992DC2BEE0B2}.Debug|x86.ActiveCfg = Debug|Any CPU
		{8662FEF9-5C16-44FB-88E8-992DC2BEE0B2}.Debug|x86.Build.0 = Debug|Any CPU
		{8662FEF9-5C16-44FB-88E8-992DC2BEE0B2}.Release|Any CPU.ActiveCfg = Release|Any CPU
		{8662FEF9-5C16-44FB-88E8-992DC2BEE0B2}.Release|Any CPU.Build.0 = Release|Any CPU
		{8662FEF9-5C16-44FB-88E8-992DC2BEE0B2}.Release|ARM.ActiveCfg = Release|Any CPU
		{8662FEF9-5C16-44FB-88E8-992DC2BEE0B2}.Release|ARM.Build.0 = Release|Any CPU
		{8662FEF9-5C16-44FB-88E8-992DC2BEE0B2}.Release|iPhone.ActiveCfg = Release|Any CPU
		{8662FEF9-5C16-44FB-88E8-992DC2BEE0B2}.Release|iPhone.Build.0 = Release|Any CPU
		{8662FEF9-5C16-44FB-88E8-992DC2BEE0B2}.Release|iPhoneSimulator.ActiveCfg = Release|Any CPU
		{8662FEF9-5C16-44FB-88E8-992DC2BEE0B2}.Release|iPhoneSimulator.Build.0 = Release|Any CPU
		{8662FEF9-5C16-44FB-88E8-992DC2BEE0B2}.Release|x64.ActiveCfg = Release|Any CPU
		{8662FEF9-5C16-44FB-88E8-992DC2BEE0B2}.Release|x64.Build.0 = Release|Any CPU
		{8662FEF9-5C16-44FB-88E8-992DC2BEE0B2}.Release|x86.ActiveCfg = Release|Any CPU
		{8662FEF9-5C16-44FB-88E8-992DC2BEE0B2}.Release|x86.Build.0 = Release|Any CPU
		{6D77707B-0524-4CE8-AABA-7E7306CE9A1D}.Ad-Hoc|Any CPU.ActiveCfg = Release|Any CPU
		{6D77707B-0524-4CE8-AABA-7E7306CE9A1D}.Ad-Hoc|Any CPU.Build.0 = Release|Any CPU
		{6D77707B-0524-4CE8-AABA-7E7306CE9A1D}.Ad-Hoc|Any CPU.Deploy.0 = Release|Any CPU
		{6D77707B-0524-4CE8-AABA-7E7306CE9A1D}.Ad-Hoc|ARM.ActiveCfg = Release|Any CPU
		{6D77707B-0524-4CE8-AABA-7E7306CE9A1D}.Ad-Hoc|ARM.Build.0 = Release|Any CPU
		{6D77707B-0524-4CE8-AABA-7E7306CE9A1D}.Ad-Hoc|ARM.Deploy.0 = Release|Any CPU
		{6D77707B-0524-4CE8-AABA-7E7306CE9A1D}.Ad-Hoc|iPhone.ActiveCfg = Release|Any CPU
		{6D77707B-0524-4CE8-AABA-7E7306CE9A1D}.Ad-Hoc|iPhone.Build.0 = Release|Any CPU
		{6D77707B-0524-4CE8-AABA-7E7306CE9A1D}.Ad-Hoc|iPhone.Deploy.0 = Release|Any CPU
		{6D77707B-0524-4CE8-AABA-7E7306CE9A1D}.Ad-Hoc|iPhoneSimulator.ActiveCfg = Release|Any CPU
		{6D77707B-0524-4CE8-AABA-7E7306CE9A1D}.Ad-Hoc|iPhoneSimulator.Build.0 = Release|Any CPU
		{6D77707B-0524-4CE8-AABA-7E7306CE9A1D}.Ad-Hoc|iPhoneSimulator.Deploy.0 = Release|Any CPU
		{6D77707B-0524-4CE8-AABA-7E7306CE9A1D}.Ad-Hoc|x64.ActiveCfg = Release|Any CPU
		{6D77707B-0524-4CE8-AABA-7E7306CE9A1D}.Ad-Hoc|x64.Build.0 = Release|Any CPU
		{6D77707B-0524-4CE8-AABA-7E7306CE9A1D}.Ad-Hoc|x64.Deploy.0 = Release|Any CPU
		{6D77707B-0524-4CE8-AABA-7E7306CE9A1D}.Ad-Hoc|x86.ActiveCfg = Release|Any CPU
		{6D77707B-0524-4CE8-AABA-7E7306CE9A1D}.Ad-Hoc|x86.Build.0 = Release|Any CPU
		{6D77707B-0524-4CE8-AABA-7E7306CE9A1D}.Ad-Hoc|x86.Deploy.0 = Release|Any CPU
		{6D77707B-0524-4CE8-AABA-7E7306CE9A1D}.AppStore|Any CPU.ActiveCfg = Release|Any CPU
		{6D77707B-0524-4CE8-AABA-7E7306CE9A1D}.AppStore|Any CPU.Build.0 = Release|Any CPU
		{6D77707B-0524-4CE8-AABA-7E7306CE9A1D}.AppStore|Any CPU.Deploy.0 = Release|Any CPU
		{6D77707B-0524-4CE8-AABA-7E7306CE9A1D}.AppStore|ARM.ActiveCfg = Release|Any CPU
		{6D77707B-0524-4CE8-AABA-7E7306CE9A1D}.AppStore|ARM.Build.0 = Release|Any CPU
		{6D77707B-0524-4CE8-AABA-7E7306CE9A1D}.AppStore|ARM.Deploy.0 = Release|Any CPU
		{6D77707B-0524-4CE8-AABA-7E7306CE9A1D}.AppStore|iPhone.ActiveCfg = Release|Any CPU
		{6D77707B-0524-4CE8-AABA-7E7306CE9A1D}.AppStore|iPhone.Build.0 = Release|Any CPU
		{6D77707B-0524-4CE8-AABA-7E7306CE9A1D}.AppStore|iPhone.Deploy.0 = Release|Any CPU
		{6D77707B-0524-4CE8-AABA-7E7306CE9A1D}.AppStore|iPhoneSimulator.ActiveCfg = Release|Any CPU
		{6D77707B-0524-4CE8-AABA-7E7306CE9A1D}.AppStore|iPhoneSimulator.Build.0 = Release|Any CPU
		{6D77707B-0524-4CE8-AABA-7E7306CE9A1D}.AppStore|iPhoneSimulator.Deploy.0 = Release|Any CPU
		{6D77707B-0524-4CE8-AABA-7E7306CE9A1D}.AppStore|x64.ActiveCfg = Release|Any CPU
		{6D77707B-0524-4CE8-AABA-7E7306CE9A1D}.AppStore|x64.Build.0 = Release|Any CPU
		{6D77707B-0524-4CE8-AABA-7E7306CE9A1D}.AppStore|x64.Deploy.0 = Release|Any CPU
		{6D77707B-0524-4CE8-AABA-7E7306CE9A1D}.AppStore|x86.ActiveCfg = Release|Any CPU
		{6D77707B-0524-4CE8-AABA-7E7306CE9A1D}.AppStore|x86.Build.0 = Release|Any CPU
		{6D77707B-0524-4CE8-AABA-7E7306CE9A1D}.AppStore|x86.Deploy.0 = Release|Any CPU
		{6D77707B-0524-4CE8-AABA-7E7306CE9A1D}.Debug|Any CPU.ActiveCfg = Debug|Any CPU
		{6D77707B-0524-4CE8-AABA-7E7306CE9A1D}.Debug|Any CPU.Build.0 = Debug|Any CPU
		{6D77707B-0524-4CE8-AABA-7E7306CE9A1D}.Debug|Any CPU.Deploy.0 = Debug|Any CPU
		{6D77707B-0524-4CE8-AABA-7E7306CE9A1D}.Debug|ARM.ActiveCfg = Debug|Any CPU
		{6D77707B-0524-4CE8-AABA-7E7306CE9A1D}.Debug|ARM.Build.0 = Debug|Any CPU
		{6D77707B-0524-4CE8-AABA-7E7306CE9A1D}.Debug|ARM.Deploy.0 = Debug|Any CPU
		{6D77707B-0524-4CE8-AABA-7E7306CE9A1D}.Debug|iPhone.ActiveCfg = Debug|Any CPU
		{6D77707B-0524-4CE8-AABA-7E7306CE9A1D}.Debug|iPhone.Build.0 = Debug|Any CPU
		{6D77707B-0524-4CE8-AABA-7E7306CE9A1D}.Debug|iPhone.Deploy.0 = Debug|Any CPU
		{6D77707B-0524-4CE8-AABA-7E7306CE9A1D}.Debug|iPhoneSimulator.ActiveCfg = Debug|Any CPU
		{6D77707B-0524-4CE8-AABA-7E7306CE9A1D}.Debug|iPhoneSimulator.Build.0 = Debug|Any CPU
		{6D77707B-0524-4CE8-AABA-7E7306CE9A1D}.Debug|iPhoneSimulator.Deploy.0 = Debug|Any CPU
		{6D77707B-0524-4CE8-AABA-7E7306CE9A1D}.Debug|x64.ActiveCfg = Debug|Any CPU
		{6D77707B-0524-4CE8-AABA-7E7306CE9A1D}.Debug|x64.Build.0 = Debug|Any CPU
		{6D77707B-0524-4CE8-AABA-7E7306CE9A1D}.Debug|x64.Deploy.0 = Debug|Any CPU
		{6D77707B-0524-4CE8-AABA-7E7306CE9A1D}.Debug|x86.ActiveCfg = Debug|Any CPU
		{6D77707B-0524-4CE8-AABA-7E7306CE9A1D}.Debug|x86.Build.0 = Debug|Any CPU
		{6D77707B-0524-4CE8-AABA-7E7306CE9A1D}.Debug|x86.Deploy.0 = Debug|Any CPU
		{6D77707B-0524-4CE8-AABA-7E7306CE9A1D}.Release|Any CPU.ActiveCfg = Release|Any CPU
		{6D77707B-0524-4CE8-AABA-7E7306CE9A1D}.Release|Any CPU.Build.0 = Release|Any CPU
		{6D77707B-0524-4CE8-AABA-7E7306CE9A1D}.Release|Any CPU.Deploy.0 = Release|Any CPU
		{6D77707B-0524-4CE8-AABA-7E7306CE9A1D}.Release|ARM.ActiveCfg = Release|Any CPU
		{6D77707B-0524-4CE8-AABA-7E7306CE9A1D}.Release|ARM.Build.0 = Release|Any CPU
		{6D77707B-0524-4CE8-AABA-7E7306CE9A1D}.Release|ARM.Deploy.0 = Release|Any CPU
		{6D77707B-0524-4CE8-AABA-7E7306CE9A1D}.Release|iPhone.ActiveCfg = Release|Any CPU
		{6D77707B-0524-4CE8-AABA-7E7306CE9A1D}.Release|iPhone.Build.0 = Release|Any CPU
		{6D77707B-0524-4CE8-AABA-7E7306CE9A1D}.Release|iPhone.Deploy.0 = Release|Any CPU
		{6D77707B-0524-4CE8-AABA-7E7306CE9A1D}.Release|iPhoneSimulator.ActiveCfg = Release|Any CPU
		{6D77707B-0524-4CE8-AABA-7E7306CE9A1D}.Release|iPhoneSimulator.Build.0 = Release|Any CPU
		{6D77707B-0524-4CE8-AABA-7E7306CE9A1D}.Release|iPhoneSimulator.Deploy.0 = Release|Any CPU
		{6D77707B-0524-4CE8-AABA-7E7306CE9A1D}.Release|x64.ActiveCfg = Release|Any CPU
		{6D77707B-0524-4CE8-AABA-7E7306CE9A1D}.Release|x64.Build.0 = Release|Any CPU
		{6D77707B-0524-4CE8-AABA-7E7306CE9A1D}.Release|x64.Deploy.0 = Release|Any CPU
		{6D77707B-0524-4CE8-AABA-7E7306CE9A1D}.Release|x86.ActiveCfg = Release|Any CPU
		{6D77707B-0524-4CE8-AABA-7E7306CE9A1D}.Release|x86.Build.0 = Release|Any CPU
		{6D77707B-0524-4CE8-AABA-7E7306CE9A1D}.Release|x86.Deploy.0 = Release|Any CPU
		{05924C78-B7D1-4374-A842-BC0C8AD9051F}.Ad-Hoc|Any CPU.ActiveCfg = Ad-Hoc|iPhone
		{05924C78-B7D1-4374-A842-BC0C8AD9051F}.Ad-Hoc|ARM.ActiveCfg = Ad-Hoc|iPhone
		{05924C78-B7D1-4374-A842-BC0C8AD9051F}.Ad-Hoc|iPhone.ActiveCfg = Ad-Hoc|iPhone
		{05924C78-B7D1-4374-A842-BC0C8AD9051F}.Ad-Hoc|iPhone.Build.0 = Ad-Hoc|iPhone
		{05924C78-B7D1-4374-A842-BC0C8AD9051F}.Ad-Hoc|iPhoneSimulator.ActiveCfg = Ad-Hoc|iPhoneSimulator
		{05924C78-B7D1-4374-A842-BC0C8AD9051F}.Ad-Hoc|iPhoneSimulator.Build.0 = Ad-Hoc|iPhoneSimulator
		{05924C78-B7D1-4374-A842-BC0C8AD9051F}.Ad-Hoc|x64.ActiveCfg = Ad-Hoc|iPhone
		{05924C78-B7D1-4374-A842-BC0C8AD9051F}.Ad-Hoc|x86.ActiveCfg = Ad-Hoc|iPhone
		{05924C78-B7D1-4374-A842-BC0C8AD9051F}.AppStore|Any CPU.ActiveCfg = AppStore|iPhone
		{05924C78-B7D1-4374-A842-BC0C8AD9051F}.AppStore|ARM.ActiveCfg = AppStore|iPhone
		{05924C78-B7D1-4374-A842-BC0C8AD9051F}.AppStore|iPhone.ActiveCfg = AppStore|iPhone
		{05924C78-B7D1-4374-A842-BC0C8AD9051F}.AppStore|iPhone.Build.0 = AppStore|iPhone
		{05924C78-B7D1-4374-A842-BC0C8AD9051F}.AppStore|iPhoneSimulator.ActiveCfg = AppStore|iPhoneSimulator
		{05924C78-B7D1-4374-A842-BC0C8AD9051F}.AppStore|iPhoneSimulator.Build.0 = AppStore|iPhoneSimulator
		{05924C78-B7D1-4374-A842-BC0C8AD9051F}.AppStore|x64.ActiveCfg = AppStore|iPhone
		{05924C78-B7D1-4374-A842-BC0C8AD9051F}.AppStore|x86.ActiveCfg = AppStore|iPhone
		{05924C78-B7D1-4374-A842-BC0C8AD9051F}.Debug|Any CPU.ActiveCfg = Debug|iPhone
		{05924C78-B7D1-4374-A842-BC0C8AD9051F}.Debug|ARM.ActiveCfg = Debug|iPhone
		{05924C78-B7D1-4374-A842-BC0C8AD9051F}.Debug|iPhone.ActiveCfg = Debug|iPhone
		{05924C78-B7D1-4374-A842-BC0C8AD9051F}.Debug|iPhone.Build.0 = Debug|iPhone
		{05924C78-B7D1-4374-A842-BC0C8AD9051F}.Debug|iPhoneSimulator.ActiveCfg = Debug|iPhoneSimulator
		{05924C78-B7D1-4374-A842-BC0C8AD9051F}.Debug|iPhoneSimulator.Build.0 = Debug|iPhoneSimulator
		{05924C78-B7D1-4374-A842-BC0C8AD9051F}.Debug|x64.ActiveCfg = Debug|iPhone
		{05924C78-B7D1-4374-A842-BC0C8AD9051F}.Debug|x86.ActiveCfg = Debug|iPhone
		{05924C78-B7D1-4374-A842-BC0C8AD9051F}.Release|Any CPU.ActiveCfg = Release|iPhone
		{05924C78-B7D1-4374-A842-BC0C8AD9051F}.Release|ARM.ActiveCfg = Release|iPhone
		{05924C78-B7D1-4374-A842-BC0C8AD9051F}.Release|iPhone.ActiveCfg = Release|iPhone
		{05924C78-B7D1-4374-A842-BC0C8AD9051F}.Release|iPhone.Build.0 = Release|iPhone
		{05924C78-B7D1-4374-A842-BC0C8AD9051F}.Release|iPhoneSimulator.ActiveCfg = Release|iPhoneSimulator
		{05924C78-B7D1-4374-A842-BC0C8AD9051F}.Release|iPhoneSimulator.Build.0 = Release|iPhoneSimulator
		{05924C78-B7D1-4374-A842-BC0C8AD9051F}.Release|x64.ActiveCfg = Release|iPhone
		{05924C78-B7D1-4374-A842-BC0C8AD9051F}.Release|x86.ActiveCfg = Release|iPhone
	EndGlobalSection
	GlobalSection(SolutionProperties) = preSolution
		HideSolutionNode = FALSE
	EndGlobalSection
EndGlobal
